
Microsoft Visual Studio Solution File, Format Version 12.00
# Visual Studio Version 17
VisualStudioVersion = 17.9.34616.47
MinimumVisualStudioVersion = 10.0.40219.1
Project("{FAE04EC0-301F-11D3-BF4B-00C04F79EFBC}") = "PolygonRedactor", "PolygonRedactor.csproj", "{43679AE1-473C-4341-AADD-C8E5F78C8BC5}"
EndProject
Global
	GlobalSection(SolutionConfigurationPlatforms) = preSolution
		Debug|Any CPU = Debug|Any CPU
		Release|Any CPU = Release|Any CPU
	EndGlobalSection
	GlobalSection(ProjectConfigurationPlatforms) = postSolution
		{43679AE1-473C-4341-AADD-C8E5F78C8BC5}.Debug|Any CPU.ActiveCfg = Debug|Any CPU
		{43679AE1-473C-4341-AADD-C8E5F78C8BC5}.Debug|Any CPU.Build.0 = Debug|Any CPU
		{43679AE1-473C-4341-AADD-C8E5F78C8BC5}.Release|Any CPU.ActiveCfg = Release|Any CPU
		{43679AE1-473C-4341-AADD-C8E5F78C8BC5}.Release|Any CPU.Build.0 = Release|Any CPU
	EndGlobalSection
	GlobalSection(SolutionProperties) = preSolution
		HideSolutionNode = FALSE
	EndGlobalSection
	GlobalSection(ExtensibilityGlobals) = postSolution
		SolutionGuid = {C4CF0265-7B32-4C9E-A623-7231D8B5394C}
	EndGlobalSection
EndGlobal
